{
    "crayner/ckeditor-bundle": {
        "version": "2.1.51"
    },
    "php": {
        "version": "7.2.9"
    },
    "symfony/polyfill-intl-grapheme": {
        "version": "v1.13.1"
    },
    "symfony/polyfill-intl-normalizer": {
        "version": "v1.13.1"
    },
    "symfony/string": {
        "version": "v5.0.2"
    }
}
