{
    "doctrine/sql-formatter": {
        "version": "1.0.1"
    },
    "php": {
        "version": "7.2.9"
    },
    "symfony/deprecation-contracts": {
        "version": "v2.1.2"
    },
    "symfony/polyfill-php80": {
        "version": "v1.17.0"
    },
    "symfony/polyfill-uuid": {
        "version": "v1.17.1"
    },
    "symfony/property-info": {
        "version": "v5.1.0"
    },
    "symfony/uid": {
        "version": "v5.1.2"
    },
    "symfony/validator": {
        "version": "4.3",
        "recipe": {
            "repo": "github.com/symfony/recipes",
            "branch": "master",
            "version": "4.3",
            "ref": "d902da3e4952f18d3bf05aab29512eb61cabd869"
        },
        "files": [
            "./config/packages/test/validator.yaml",
            "./config/packages/validator.yaml"
        ]
    },
    "symfonycasts/reset-password-bundle": {
        "version": "1.0",
        "recipe": {
            "repo": "github.com/symfony/recipes",
            "branch": "master",
            "version": "1.0",
            "ref": "97c1627c0384534997ae1047b93be517ca16de43"
        },
        "files": [
            "./config/packages/reset_password.yaml"
        ]
    }
}
